
Microsoft Visual Studio Solution File, Format Version 12.00
# Visual Studio Version 17
VisualStudioVersion = 17.2.32630.192
MinimumVisualStudioVersion = 10.0.40219.1
Project("{9A19103F-16F7-4668-BE54-9A1E7A4F7556}") = "LanchesMac", "..\..\..\Downloads\LanchesMac_Graficos\LanchesMac\LanchesMac\LanchesMac.csproj", "{D1E7927C-4C4C-4DBC-A03F-1112FFE6EB52}"
EndProject
Global
	GlobalSection(SolutionConfigurationPlatforms) = preSolution
		Debug|Any CPU = Debug|Any CPU
		Release|Any CPU = Release|Any CPU
	EndGlobalSection
	GlobalSection(ProjectConfigurationPlatforms) = postSolution
		{D1E7927C-4C4C-4DBC-A03F-1112FFE6EB52}.Debug|Any CPU.ActiveCfg = Debug|Any CPU
		{D1E7927C-4C4C-4DBC-A03F-1112FFE6EB52}.Debug|Any CPU.Build.0 = Debug|Any CPU
		{D1E7927C-4C4C-4DBC-A03F-1112FFE6EB52}.Release|Any CPU.ActiveCfg = Release|Any CPU
		{D1E7927C-4C4C-4DBC-A03F-1112FFE6EB52}.Release|Any CPU.Build.0 = Release|Any CPU
	EndGlobalSection
	GlobalSection(SolutionProperties) = preSolution
		HideSolutionNode = FALSE
	EndGlobalSection
	GlobalSection(ExtensibilityGlobals) = postSolution
		SolutionGuid = {044B9E8B-1874-4FE9-871C-465F833B4065}
	EndGlobalSection
EndGlobal
